
Microsoft Visual Studio Solution File, Format Version 12.00
# Visual Studio Version 16
VisualStudioVersion = 16.0.28922.388
MinimumVisualStudioVersion = 10.0.40219.1
Project("{FAE04EC0-301F-11D3-BF4B-00C04F79EFBC}") = "FunctionsTobi", "FunctionsTobi\FunctionsTobi.csproj", "{069C5804-843D-4DEF-9460-19AB7F174F57}"
EndProject
Global
	GlobalSection(SolutionConfigurationPlatforms) = preSolution
		Debug|Any CPU = Debug|Any CPU
		Release|Any CPU = Release|Any CPU
	EndGlobalSection
	GlobalSection(ProjectConfigurationPlatforms) = postSolution
		{069C5804-843D-4DEF-9460-19AB7F174F57}.Debug|Any CPU.ActiveCfg = Debug|Any CPU
		{069C5804-843D-4DEF-9460-19AB7F174F57}.Debug|Any CPU.Build.0 = Debug|Any CPU
		{069C5804-843D-4DEF-9460-19AB7F174F57}.Release|Any CPU.ActiveCfg = Release|Any CPU
		{069C5804-843D-4DEF-9460-19AB7F174F57}.Release|Any CPU.Build.0 = Release|Any CPU
	EndGlobalSection
	GlobalSection(SolutionProperties) = preSolution
		HideSolutionNode = FALSE
	EndGlobalSection
	GlobalSection(ExtensibilityGlobals) = postSolution
		SolutionGuid = {356690B1-B2FB-413E-970A-9608F413BE3E}
	EndGlobalSection
EndGlobal
