
Microsoft Visual Studio Solution File, Format Version 12.00
# Visual Studio Version 16
VisualStudioVersion = 16.0.28922.388
MinimumVisualStudioVersion = 10.0.40219.1
Project("{FAE04EC0-301F-11D3-BF4B-00C04F79EFBC}") = "OptionalParametersTobi", "OptionalParametersTobi\OptionalParametersTobi.csproj", "{5CCCABD7-3363-44D3-A06C-2C16A14A6851}"
EndProject
Global
	GlobalSection(SolutionConfigurationPlatforms) = preSolution
		Debug|Any CPU = Debug|Any CPU
		Release|Any CPU = Release|Any CPU
	EndGlobalSection
	GlobalSection(ProjectConfigurationPlatforms) = postSolution
		{5CCCABD7-3363-44D3-A06C-2C16A14A6851}.Debug|Any CPU.ActiveCfg = Debug|Any CPU
		{5CCCABD7-3363-44D3-A06C-2C16A14A6851}.Debug|Any CPU.Build.0 = Debug|Any CPU
		{5CCCABD7-3363-44D3-A06C-2C16A14A6851}.Release|Any CPU.ActiveCfg = Release|Any CPU
		{5CCCABD7-3363-44D3-A06C-2C16A14A6851}.Release|Any CPU.Build.0 = Release|Any CPU
	EndGlobalSection
	GlobalSection(SolutionProperties) = preSolution
		HideSolutionNode = FALSE
	EndGlobalSection
	GlobalSection(ExtensibilityGlobals) = postSolution
		SolutionGuid = {38913D09-53B9-4D7C-B753-301681E32880}
	EndGlobalSection
EndGlobal
