
Microsoft Visual Studio Solution File, Format Version 12.00
# Visual Studio Version 16
VisualStudioVersion = 16.0.28922.388
MinimumVisualStudioVersion = 10.0.40219.1
Project("{FAE04EC0-301F-11D3-BF4B-00C04F79EFBC}") = "PassbyReferenceTobi", "PassbyReferenceTobi\PassbyReferenceTobi.csproj", "{CFB0F300-CAC1-4D53-898C-B50046284AE0}"
EndProject
Global
	GlobalSection(SolutionConfigurationPlatforms) = preSolution
		Debug|Any CPU = Debug|Any CPU
		Release|Any CPU = Release|Any CPU
	EndGlobalSection
	GlobalSection(ProjectConfigurationPlatforms) = postSolution
		{CFB0F300-CAC1-4D53-898C-B50046284AE0}.Debug|Any CPU.ActiveCfg = Debug|Any CPU
		{CFB0F300-CAC1-4D53-898C-B50046284AE0}.Debug|Any CPU.Build.0 = Debug|Any CPU
		{CFB0F300-CAC1-4D53-898C-B50046284AE0}.Release|Any CPU.ActiveCfg = Release|Any CPU
		{CFB0F300-CAC1-4D53-898C-B50046284AE0}.Release|Any CPU.Build.0 = Release|Any CPU
	EndGlobalSection
	GlobalSection(SolutionProperties) = preSolution
		HideSolutionNode = FALSE
	EndGlobalSection
	GlobalSection(ExtensibilityGlobals) = postSolution
		SolutionGuid = {14B8ED7A-A878-40A4-ABA5-7EAA455FCA55}
	EndGlobalSection
EndGlobal
