
Microsoft Visual Studio Solution File, Format Version 12.00
# Visual Studio Version 16
VisualStudioVersion = 16.0.28922.388
MinimumVisualStudioVersion = 10.0.40219.1
Project("{FAE04EC0-301F-11D3-BF4B-00C04F79EFBC}") = "PassByReferenceClickEventsFR", "PassByReferenceClickEventsFR\PassByReferenceClickEventsFR.csproj", "{6790BEA4-A248-4872-A832-FA87933F5DD6}"
EndProject
Global
	GlobalSection(SolutionConfigurationPlatforms) = preSolution
		Debug|Any CPU = Debug|Any CPU
		Release|Any CPU = Release|Any CPU
	EndGlobalSection
	GlobalSection(ProjectConfigurationPlatforms) = postSolution
		{6790BEA4-A248-4872-A832-FA87933F5DD6}.Debug|Any CPU.ActiveCfg = Debug|Any CPU
		{6790BEA4-A248-4872-A832-FA87933F5DD6}.Debug|Any CPU.Build.0 = Debug|Any CPU
		{6790BEA4-A248-4872-A832-FA87933F5DD6}.Release|Any CPU.ActiveCfg = Release|Any CPU
		{6790BEA4-A248-4872-A832-FA87933F5DD6}.Release|Any CPU.Build.0 = Release|Any CPU
	EndGlobalSection
	GlobalSection(SolutionProperties) = preSolution
		HideSolutionNode = FALSE
	EndGlobalSection
	GlobalSection(ExtensibilityGlobals) = postSolution
		SolutionGuid = {8A7BBCA7-0D55-4518-89EC-BAB068A41AF4}
	EndGlobalSection
EndGlobal
